// !$*UTF8*$!
{
	archiveVersion = 1;
	classes = {
	};
	objectVersion = 55;
	objects = {

/* Begin PBXBuildFile section */
		212640722838F7DB00CFFF6B /* ExpenseTrackerApp.swift in Sources */ = {isa = PBXBuildFile; fileRef = 212640712838F7DB00CFFF6B /* ExpenseTrackerApp.swift */; };
		212640742838F7DB00CFFF6B /* ContentView.swift in Sources */ = {isa = PBXBuildFile; fileRef = 212640732838F7DB00CFFF6B /* ContentView.swift */; };
		212640762838F7DE00CFFF6B /* Assets.xcassets in Resources */ = {isa = PBXBuildFile; fileRef = 212640752838F7DE00CFFF6B /* Assets.xcassets */; };
		212640792838F7DE00CFFF6B /* Preview Assets.xcassets in Resources */ = {isa = PBXBuildFile; fileRef = 212640782838F7DE00CFFF6B /* Preview Assets.xcassets */; };
		212640832838F85700CFFF6B /* Home.swift in Sources */ = {isa = PBXBuildFile; fileRef = 212640822838F85700CFFF6B /* Home.swift */; };
		212640852838F89300CFFF6B /* Expense.swift in Sources */ = {isa = PBXBuildFile; fileRef = 212640842838F89300CFFF6B /* Expense.swift */; };
		212640872838FA4300CFFF6B /* ExpenseViewModel.swift in Sources */ = {isa = PBXBuildFile; fileRef = 212640862838FA4300CFFF6B /* ExpenseViewModel.swift */; };
		21C80D8C283FC73A0017E0BE /* TransactionCardView.swift in Sources */ = {isa = PBXBuildFile; fileRef = 21C80D8B283FC73A0017E0BE /* TransactionCardView.swift */; };
		21C80D8E283FCD170017E0BE /* FilteredDetailView.swift in Sources */ = {isa = PBXBuildFile; fileRef = 21C80D8D283FCD170017E0BE /* FilteredDetailView.swift */; };
		21C80D90283FD4970017E0BE /* ExpenseCard.swift in Sources */ = {isa = PBXBuildFile; fileRef = 21C80D8F283FD4970017E0BE /* ExpenseCard.swift */; };
		21C80D92283FE2070017E0BE /* NewExpenseView.swift in Sources */ = {isa = PBXBuildFile; fileRef = 21C80D91283FE2070017E0BE /* NewExpenseView.swift */; };
/* End PBXBuildFile section */

/* Begin PBXFileReference section */
		2126406E2838F7DB00CFFF6B /* ExpenseTracker.app */ = {isa = PBXFileReference; explicitFileType = wrapper.application; includeInIndex = 0; path = ExpenseTracker.app; sourceTree = BUILT_PRODUCTS_DIR; };
		212640712838F7DB00CFFF6B /* ExpenseTrackerApp.swift */ = {isa = PBXFileReference; lastKnownFileType = sourcecode.swift; path = ExpenseTrackerApp.swift; sourceTree = "<group>"; };
		212640732838F7DB00CFFF6B /* ContentView.swift */ = {isa = PBXFileReference; lastKnownFileType = sourcecode.swift; path = ContentView.swift; sourceTree = "<group>"; };
		212640752838F7DE00CFFF6B /* Assets.xcassets */ = {isa = PBXFileReference; lastKnownFileType = folder.assetcatalog; path = Assets.xcassets; sourceTree = "<group>"; };
		212640782838F7DE00CFFF6B /* Preview Assets.xcassets */ = {isa = PBXFileReference; lastKnownFileType = folder.assetcatalog; path = "Preview Assets.xcassets"; sourceTree = "<group>"; };
		212640822838F85700CFFF6B /* Home.swift */ = {isa = PBXFileReference; lastKnownFileType = sourcecode.swift; path = Home.swift; sourceTree = "<group>"; };
		212640842838F89300CFFF6B /* Expense.swift */ = {isa = PBXFileReference; lastKnownFileType = sourcecode.swift; path = Expense.swift; sourceTree = "<group>"; };
		212640862838FA4300CFFF6B /* ExpenseViewModel.swift */ = {isa = PBXFileReference; lastKnownFileType = sourcecode.swift; path = ExpenseViewModel.swift; sourceTree = "<group>"; };
		21C80D8B283FC73A0017E0BE /* TransactionCardView.swift */ = {isa = PBXFileReference; lastKnownFileType = sourcecode.swift; path = TransactionCardView.swift; sourceTree = "<group>"; };
		21C80D8D283FCD170017E0BE /* FilteredDetailView.swift */ = {isa = PBXFileReference; lastKnownFileType = sourcecode.swift; path = FilteredDetailView.swift; sourceTree = "<group>"; };
		21C80D8F283FD4970017E0BE /* ExpenseCard.swift */ = {isa = PBXFileReference; lastKnownFileType = sourcecode.swift; path = ExpenseCard.swift; sourceTree = "<group>"; };
		21C80D91283FE2070017E0BE /* NewExpenseView.swift */ = {isa = PBXFileReference; lastKnownFileType = sourcecode.swift; path = NewExpenseView.swift; sourceTree = "<group>"; };
/* End PBXFileReference section */

/* Begin PBXFrameworksBuildPhase section */
		2126406B2838F7DB00CFFF6B /* Frameworks */ = {
			isa = PBXFrameworksBuildPhase;
			buildActionMask = 2147483647;
			files = (
			);
			runOnlyForDeploymentPostprocessing = 0;
		};
/* End PBXFrameworksBuildPhase section */

/* Begin PBXGroup section */
		212640652838F7DB00CFFF6B = {
			isa = PBXGroup;
			children = (
				212640702838F7DB00CFFF6B /* ExpenseTracker */,
				2126406F2838F7DB00CFFF6B /* Products */,
			);
			sourceTree = "<group>";
		};
		2126406F2838F7DB00CFFF6B /* Products */ = {
			isa = PBXGroup;
			children = (
				2126406E2838F7DB00CFFF6B /* ExpenseTracker.app */,
			);
			name = Products;
			sourceTree = "<group>";
		};
		212640702838F7DB00CFFF6B /* ExpenseTracker */ = {
			isa = PBXGroup;
			children = (
				212640812838F84B00CFFF6B /* View */,
				212640802838F84300CFFF6B /* Model */,
				2126407F2838F83B00CFFF6B /* ViewModel */,
				212640712838F7DB00CFFF6B /* ExpenseTrackerApp.swift */,
				212640732838F7DB00CFFF6B /* ContentView.swift */,
				212640752838F7DE00CFFF6B /* Assets.xcassets */,
				212640772838F7DE00CFFF6B /* Preview Content */,
			);
			path = ExpenseTracker;
			sourceTree = "<group>";
		};
		212640772838F7DE00CFFF6B /* Preview Content */ = {
			isa = PBXGroup;
			children = (
				212640782838F7DE00CFFF6B /* Preview Assets.xcassets */,
			);
			path = "Preview Content";
			sourceTree = "<group>";
		};
		2126407F2838F83B00CFFF6B /* ViewModel */ = {
			isa = PBXGroup;
			children = (
				212640862838FA4300CFFF6B /* ExpenseViewModel.swift */,
			);
			path = ViewModel;
			sourceTree = "<group>";
		};
		212640802838F84300CFFF6B /* Model */ = {
			isa = PBXGroup;
			children = (
				212640842838F89300CFFF6B /* Expense.swift */,
			);
			path = Model;
			sourceTree = "<group>";
		};
		212640812838F84B00CFFF6B /* View */ = {
			isa = PBXGroup;
			children = (
				212640822838F85700CFFF6B /* Home.swift */,
				21C80D8B283FC73A0017E0BE /* TransactionCardView.swift */,
				21C80D8D283FCD170017E0BE /* FilteredDetailView.swift */,
				21C80D8F283FD4970017E0BE /* ExpenseCard.swift */,
				21C80D91283FE2070017E0BE /* NewExpenseView.swift */,
			);
			path = View;
			sourceTree = "<group>";
		};
/* End PBXGroup section */

/* Begin PBXNativeTarget section */
		2126406D2838F7DB00CFFF6B /* ExpenseTracker */ = {
			isa = PBXNativeTarget;
			buildConfigurationList = 2126407C2838F7DE00CFFF6B /* Build configuration list for PBXNativeTarget "ExpenseTracker" */;
			buildPhases = (
				2126406A2838F7DB00CFFF6B /* Sources */,
				2126406B2838F7DB00CFFF6B /* Frameworks */,
				2126406C2838F7DB00CFFF6B /* Resources */,
			);
			buildRules = (
			);
			dependencies = (
			);
			name = ExpenseTracker;
			productName = ExpenseTracker;
			productReference = 2126406E2838F7DB00CFFF6B /* ExpenseTracker.app */;
			productType = "com.apple.product-type.application";
		};
/* End PBXNativeTarget section */

/* Begin PBXProject section */
		212640662838F7DB00CFFF6B /* Project object */ = {
			isa = PBXProject;
			attributes = {
				BuildIndependentTargetsInParallel = 1;
				LastSwiftUpdateCheck = 1330;
				LastUpgradeCheck = 1330;
				TargetAttributes = {
					2126406D2838F7DB00CFFF6B = {
						CreatedOnToolsVersion = 13.3.1;
					};
				};
			};
			buildConfigurationList = 212640692838F7DB00CFFF6B /* Build configuration list for PBXProject "ExpenseTracker" */;
			compatibilityVersion = "Xcode 13.0";
			developmentRegion = en;
			hasScannedForEncodings = 0;
			knownRegions = (
				en,
				Base,
			);
			mainGroup = 212640652838F7DB00CFFF6B;
			productRefGroup = 2126406F2838F7DB00CFFF6B /* Products */;
			projectDirPath = "";
			projectRoot = "";
			targets = (
				2126406D2838F7DB00CFFF6B /* ExpenseTracker */,
			);
		};
/* End PBXProject section */

/* Begin PBXResourcesBuildPhase section */
		2126406C2838F7DB00CFFF6B /* Resources */ = {
			isa = PBXResourcesBuildPhase;
			buildActionMask = 2147483647;
			files = (
				212640792838F7DE00CFFF6B /* Preview Assets.xcassets in Resources */,
				212640762838F7DE00CFFF6B /* Assets.xcassets in Resources */,
			);
			runOnlyForDeploymentPostprocessing = 0;
		};
/* End PBXResourcesBuildPhase section */

/* Begin PBXSourcesBuildPhase section */
		2126406A2838F7DB00CFFF6B /* Sources */ = {
			isa = PBXSourcesBuildPhase;
			buildActionMask = 2147483647;
			files = (
				212640852838F89300CFFF6B /* Expense.swift in Sources */,
				21C80D8E283FCD170017E0BE /* FilteredDetailView.swift in Sources */,
				212640742838F7DB00CFFF6B /* ContentView.swift in Sources */,
				21C80D8C283FC73A0017E0BE /* TransactionCardView.swift in Sources */,
				212640832838F85700CFFF6B /* Home.swift in Sources */,
				212640872838FA4300CFFF6B /* ExpenseViewModel.swift in Sources */,
				21C80D90283FD4970017E0BE /* ExpenseCard.swift in Sources */,
				212640722838F7DB00CFFF6B /* ExpenseTrackerApp.swift in Sources */,
				21C80D92283FE2070017E0BE /* NewExpenseView.swift in Sources */,
			);
			runOnlyForDeploymentPostprocessing = 0;
		};
/* End PBXSourcesBuildPhase section */

/* Begin XCBuildConfiguration section */
		2126407A2838F7DE00CFFF6B /* Debug */ = {
			isa = XCBuildConfiguration;
			buildSettings = {
				ALWAYS_SEARCH_USER_PATHS = NO;
				CLANG_ANALYZER_NONNULL = YES;
				CLANG_ANALYZER_NUMBER_OBJECT_CONVERSION = YES_AGGRESSIVE;
				CLANG_CXX_LANGUAGE_STANDARD = "gnu++17";
				CLANG_ENABLE_MODULES = YES;
				CLANG_ENABLE_OBJC_ARC = YES;
				CLANG_ENABLE_OBJC_WEAK = YES;
				CLANG_WARN_BLOCK_CAPTURE_AUTORELEASING = YES;
				CLANG_WARN_BOOL_CONVERSION = YES;
				CLANG_WARN_COMMA = YES;
				CLANG_WARN_CONSTANT_CONVERSION = YES;
				CLANG_WARN_DEPRECATED_OBJC_IMPLEMENTATIONS = YES;
				CLANG_WARN_DIRECT_OBJC_ISA_USAGE = YES_ERROR;
				CLANG_WARN_DOCUMENTATION_COMMENTS = YES;
				CLANG_WARN_EMPTY_BODY = YES;
				CLANG_WARN_ENUM_CONVERSION = YES;
				CLANG_WARN_INFINITE_RECURSION = YES;
				CLANG_WARN_INT_CONVERSION = YES;
				CLANG_WARN_NON_LITERAL_NULL_CONVERSION = YES;
				CLANG_WARN_OBJC_IMPLICIT_RETAIN_SELF = YES;
				CLANG_WARN_OBJC_LITERAL_CONVERSION = YES;
				CLANG_WARN_OBJC_ROOT_CLASS = YES_ERROR;
				CLANG_WARN_QUOTED_INCLUDE_IN_FRAMEWORK_HEADER = YES;
				CLANG_WARN_RANGE_LOOP_ANALYSIS = YES;
				CLANG_WARN_STRICT_PROTOTYPES = YES;
				CLANG_WARN_SUSPICIOUS_MOVE = YES;
				CLANG_WARN_UNGUARDED_AVAILABILITY = YES_AGGRESSIVE;
				CLANG_WARN_UNREACHABLE_CODE = YES;
				CLANG_WARN__DUPLICATE_METHOD_MATCH = YES;
				COPY_PHASE_STRIP = NO;
				DEBUG_INFORMATION_FORMAT = dwarf;
				ENABLE_STRICT_OBJC_MSGSEND = YES;
				ENABLE_TESTABILITY = YES;
				GCC_C_LANGUAGE_STANDARD = gnu11;
				GCC_DYNAMIC_NO_PIC = NO;
				GCC_NO_COMMON_BLOCKS = YES;
				GCC_OPTIMIZATION_LEVEL = 0;
				GCC_PREPROCESSOR_DEFINITIONS = (
					"DEBUG=1",
					"$(inherited)",
				);
				GCC_WARN_64_TO_32_BIT_CONVERSION = YES;
				GCC_WARN_ABOUT_RETURN_TYPE = YES_ERROR;
				GCC_WARN_UNDECLARED_SELECTOR = YES;
				GCC_WARN_UNINITIALIZED_AUTOS = YES_AGGRESSIVE;
				GCC_WARN_UNUSED_FUNCTION = YES;
				GCC_WARN_UNUSED_VARIABLE = YES;
				IPHONEOS_DEPLOYMENT_TARGET = 15.4;
				MTL_ENABLE_DEBUG_INFO = INCLUDE_SOURCE;
				MTL_FAST_MATH = YES;
				ONLY_ACTIVE_ARCH = YES;
				SDKROOT = iphoneos;
				SWIFT_ACTIVE_COMPILATION_CONDITIONS = DEBUG;
				SWIFT_OPTIMIZATION_LEVEL = "-Onone";
			};
			name = Debug;
		};
		2126407B2838F7DE00CFFF6B /* Release */ = {
			isa = XCBuildConfiguration;
			buildSettings = {
				ALWAYS_SEARCH_USER_PATHS = NO;
				CLANG_ANALYZER_NONNULL = YES;
				CLANG_ANALYZER_NUMBER_OBJECT_CONVERSION = YES_AGGRESSIVE;
				CLANG_CXX_LANGUAGE_STANDARD = "gnu++17";
				CLANG_ENABLE_MODULES = YES;
				CLANG_ENABLE_OBJC_ARC = YES;
				CLANG_ENABLE_OBJC_WEAK = YES;
				CLANG_WARN_BLOCK_CAPTURE_AUTORELEASING = YES;
				CLANG_WARN_BOOL_CONVERSION = YES;
				CLANG_WARN_COMMA = YES;
				CLANG_WARN_CONSTANT_CONVERSION = YES;
				CLANG_WARN_DEPRECATED_OBJC_IMPLEMENTATIONS = YES;
				CLANG_WARN_DIRECT_OBJC_ISA_USAGE = YES_ERROR;
				CLANG_WARN_DOCUMENTATION_COMMENTS = YES;
				CLANG_WARN_EMPTY_BODY = YES;
				CLANG_WARN_ENUM_CONVERSION = YES;
				CLANG_WARN_INFINITE_RECURSION = YES;
				CLANG_WARN_INT_CONVERSION = YES;
				CLANG_WARN_NON_LITERAL_NULL_CONVERSION = YES;
				CLANG_WARN_OBJC_IMPLICIT_RETAIN_SELF = YES;
				CLANG_WARN_OBJC_LITERAL_CONVERSION = YES;
				CLANG_WARN_OBJC_ROOT_CLASS = YES_ERROR;
				CLANG_WARN_QUOTED_INCLUDE_IN_FRAMEWORK_HEADER = YES;
				CLANG_WARN_RANGE_LOOP_ANALYSIS = YES;
				CLANG_WARN_STRICT_PROTOTYPES = YES;
				CLANG_WARN_SUSPICIOUS_MOVE = YES;
				CLANG_WARN_UNGUARDED_AVAILABILITY = YES_AGGRESSIVE;
				CLANG_WARN_UNREACHABLE_CODE = YES;
				CLANG_WARN__DUPLICATE_METHOD_MATCH = YES;
				COPY_PHASE_STRIP = NO;
				DEBUG_INFORMATION_FORMAT = "dwarf-with-dsym";
				ENABLE_NS_ASSERTIONS = NO;
				ENABLE_STRICT_OBJC_MSGSEND = YES;
				GCC_C_LANGUAGE_STANDARD = gnu11;
				GCC_NO_COMMON_BLOCKS = YES;
				GCC_WARN_64_TO_32_BIT_CONVERSION = YES;
				GCC_WARN_ABOUT_RETURN_TYPE = YES_ERROR;
				GCC_WARN_UNDECLARED_SELECTOR = YES;
				GCC_WARN_UNINITIALIZED_AUTOS = YES_AGGRESSIVE;
				GCC_WARN_UNUSED_FUNCTION = YES;
				GCC_WARN_UNUSED_VARIABLE = YES;
				IPHONEOS_DEPLOYMENT_TARGET = 15.4;
				MTL_ENABLE_DEBUG_INFO = NO;
				MTL_FAST_MATH = YES;
				SDKROOT = iphoneos;
				SWIFT_COMPILATION_MODE = wholemodule;
				SWIFT_OPTIMIZATION_LEVEL = "-O";
				VALIDATE_PRODUCT = YES;
			};
			name = Release;
		};
		2126407D2838F7DE00CFFF6B /* Debug */ = {
			isa = XCBuildConfiguration;
			buildSettings = {
				ASSETCATALOG_COMPILER_APPICON_NAME = AppIcon;
				ASSETCATALOG_COMPILER_GLOBAL_ACCENT_COLOR_NAME = AccentColor;
				CODE_SIGN_STYLE = Automatic;
				CURRENT_PROJECT_VERSION = 1;
				DEVELOPMENT_ASSET_PATHS = "\"ExpenseTracker/Preview Content\"";
				DEVELOPMENT_TEAM = 937653S469;
				ENABLE_PREVIEWS = YES;
				GENERATE_INFOPLIST_FILE = YES;
				INFOPLIST_KEY_UIApplicationSceneManifest_Generation = YES;
				INFOPLIST_KEY_UIApplicationSupportsIndirectInputEvents = YES;
				INFOPLIST_KEY_UILaunchScreen_Generation = YES;
				INFOPLIST_KEY_UISupportedInterfaceOrientations_iPad = "UIInterfaceOrientationPortrait UIInterfaceOrientationPortraitUpsideDown UIInterfaceOrientationLandscapeLeft UIInterfaceOrientationLandscapeRight";
				INFOPLIST_KEY_UISupportedInterfaceOrientations_iPhone = "UIInterfaceOrientationPortrait UIInterfaceOrientationLandscapeLeft UIInterfaceOrientationLandscapeRight";
				LD_RUNPATH_SEARCH_PATHS = (
					"$(inherited)",
					"@executable_path/Frameworks",
				);
				MARKETING_VERSION = 1.0;
				PRODUCT_BUNDLE_IDENTIFIER = com.ricardocsilva.ExpenseTracker;
				PRODUCT_NAME = "$(TARGET_NAME)";
				SWIFT_EMIT_LOC_STRINGS = YES;
				SWIFT_VERSION = 5.0;
				TARGETED_DEVICE_FAMILY = "1,2";
			};
			name = Debug;
		};
		2126407E2838F7DE00CFFF6B /* Release */ = {
			isa = XCBuildConfiguration;
			buildSettings = {
				ASSETCATALOG_COMPILER_APPICON_NAME = AppIcon;
				ASSETCATALOG_COMPILER_GLOBAL_ACCENT_COLOR_NAME = AccentColor;
				CODE_SIGN_STYLE = Automatic;
				CURRENT_PROJECT_VERSION = 1;
				DEVELOPMENT_ASSET_PATHS = "\"ExpenseTracker/Preview Content\"";
				DEVELOPMENT_TEAM = 937653S469;
				ENABLE_PREVIEWS = YES;
				GENERATE_INFOPLIST_FILE = YES;
				INFOPLIST_KEY_UIApplicationSceneManifest_Generation = YES;
				INFOPLIST_KEY_UIApplicationSupportsIndirectInputEvents = YES;
				INFOPLIST_KEY_UILaunchScreen_Generation = YES;
				INFOPLIST_KEY_UISupportedInterfaceOrientations_iPad = "UIInterfaceOrientationPortrait UIInterfaceOrientationPortraitUpsideDown UIInterfaceOrientationLandscapeLeft UIInterfaceOrientationLandscapeRight";
				INFOPLIST_KEY_UISupportedInterfaceOrientations_iPhone = "UIInterfaceOrientationPortrait UIInterfaceOrientationLandscapeLeft UIInterfaceOrientationLandscapeRight";
				LD_RUNPATH_SEARCH_PATHS = (
					"$(inherited)",
					"@executable_path/Frameworks",
				);
				MARKETING_VERSION = 1.0;
				PRODUCT_BUNDLE_IDENTIFIER = com.ricardocsilva.ExpenseTracker;
				PRODUCT_NAME = "$(TARGET_NAME)";
				SWIFT_EMIT_LOC_STRINGS = YES;
				SWIFT_VERSION = 5.0;
				TARGETED_DEVICE_FAMILY = "1,2";
			};
			name = Release;
		};
/* End XCBuildConfiguration section */

/* Begin XCConfigurationList section */
		212640692838F7DB00CFFF6B /* Build configuration list for PBXProject "ExpenseTracker" */ = {
			isa = XCConfigurationList;
			buildConfigurations = (
				2126407A2838F7DE00CFFF6B /* Debug */,
				2126407B2838F7DE00CFFF6B /* Release */,
			);
			defaultConfigurationIsVisible = 0;
			defaultConfigurationName = Release;
		};
		2126407C2838F7DE00CFFF6B /* Build configuration list for PBXNativeTarget "ExpenseTracker" */ = {
			isa = XCConfigurationList;
			buildConfigurations = (
				2126407D2838F7DE00CFFF6B /* Debug */,
				2126407E2838F7DE00CFFF6B /* Release */,
			);
			defaultConfigurationIsVisible = 0;
			defaultConfigurationName = Release;
		};
/* End XCConfigurationList section */
	};
	rootObject = 212640662838F7DB00CFFF6B /* Project object */;
}
